
Microsoft Visual Studio Solution File, Format Version 12.00
# Visual Studio Version 17
VisualStudioVersion = 17.11.35327.3
MinimumVisualStudioVersion = 10.0.40219.1
Project("{FAE04EC0-301F-11D3-BF4B-00C04F79EFBC}") = "HDF5TestsRead", "HDF5TestsRead.csproj", "{D5F4D876-E404-4E8D-B836-A4FC9C1BE469}"
EndProject
Global
	GlobalSection(SolutionConfigurationPlatforms) = preSolution
		Debug|Any CPU = Debug|Any CPU
		Release|Any CPU = Release|Any CPU
	EndGlobalSection
	GlobalSection(ProjectConfigurationPlatforms) = postSolution
		{D5F4D876-E404-4E8D-B836-A4FC9C1BE469}.Debug|Any CPU.ActiveCfg = Debug|Any CPU
		{D5F4D876-E404-4E8D-B836-A4FC9C1BE469}.Debug|Any CPU.Build.0 = Debug|Any CPU
		{D5F4D876-E404-4E8D-B836-A4FC9C1BE469}.Release|Any CPU.ActiveCfg = Release|Any CPU
		{D5F4D876-E404-4E8D-B836-A4FC9C1BE469}.Release|Any CPU.Build.0 = Release|Any CPU
	EndGlobalSection
	GlobalSection(SolutionProperties) = preSolution
		HideSolutionNode = FALSE
	EndGlobalSection
	GlobalSection(ExtensibilityGlobals) = postSolution
		SolutionGuid = {8FA95A25-04BE-4EFD-B3DE-B9A2861C3EC8}
	EndGlobalSection
EndGlobal
