
Microsoft Visual Studio Solution File, Format Version 12.00
# Visual Studio Version 17
VisualStudioVersion = 17.11.35327.3
MinimumVisualStudioVersion = 10.0.40219.1
Project("{FAE04EC0-301F-11D3-BF4B-00C04F79EFBC}") = "read_write_test", "read_write_test.csproj", "{BB9CA0ED-D69E-430E-AF0D-97FD13490930}"
EndProject
Global
	GlobalSection(SolutionConfigurationPlatforms) = preSolution
		Debug|Any CPU = Debug|Any CPU
		Release|Any CPU = Release|Any CPU
	EndGlobalSection
	GlobalSection(ProjectConfigurationPlatforms) = postSolution
		{BB9CA0ED-D69E-430E-AF0D-97FD13490930}.Debug|Any CPU.ActiveCfg = Debug|Any CPU
		{BB9CA0ED-D69E-430E-AF0D-97FD13490930}.Debug|Any CPU.Build.0 = Debug|Any CPU
		{BB9CA0ED-D69E-430E-AF0D-97FD13490930}.Release|Any CPU.ActiveCfg = Release|Any CPU
		{BB9CA0ED-D69E-430E-AF0D-97FD13490930}.Release|Any CPU.Build.0 = Release|Any CPU
	EndGlobalSection
	GlobalSection(SolutionProperties) = preSolution
		HideSolutionNode = FALSE
	EndGlobalSection
	GlobalSection(ExtensibilityGlobals) = postSolution
		SolutionGuid = {3D3992EF-44E4-4F3C-9CE8-F803AD72E4C1}
	EndGlobalSection
EndGlobal
